
Microsoft Visual Studio Solution File, Format Version 12.00
# Visual Studio Version 17
VisualStudioVersion = 17.6.33723.286
MinimumVisualStudioVersion = 10.0.40219.1
Project("{9A19103F-16F7-4668-BE54-9A1E7A4F7556}") = "SistemaWebParroquia", "SistemaWebParroquia\SistemaWebParroquia.csproj", "{1AA49B20-0C58-4A2B-BE50-CA7C3EB16763}"
EndProject
Global
	GlobalSection(SolutionConfigurationPlatforms) = preSolution
		Debug|Any CPU = Debug|Any CPU
		Release|Any CPU = Release|Any CPU
	EndGlobalSection
	GlobalSection(ProjectConfigurationPlatforms) = postSolution
		{1AA49B20-0C58-4A2B-BE50-CA7C3EB16763}.Debug|Any CPU.ActiveCfg = Debug|Any CPU
		{1AA49B20-0C58-4A2B-BE50-CA7C3EB16763}.Debug|Any CPU.Build.0 = Debug|Any CPU
		{1AA49B20-0C58-4A2B-BE50-CA7C3EB16763}.Release|Any CPU.ActiveCfg = Release|Any CPU
		{1AA49B20-0C58-4A2B-BE50-CA7C3EB16763}.Release|Any CPU.Build.0 = Release|Any CPU
	EndGlobalSection
	GlobalSection(SolutionProperties) = preSolution
		HideSolutionNode = FALSE
	EndGlobalSection
	GlobalSection(ExtensibilityGlobals) = postSolution
		SolutionGuid = {94A7D281-2D35-4988-817E-21E5E6361D53}
	EndGlobalSection
EndGlobal
